
Microsoft Visual Studio Solution File, Format Version 12.00
# Visual Studio Version 17
VisualStudioVersion = 17.4.33205.214
MinimumVisualStudioVersion = 10.0.40219.1
Project("{9A19103F-16F7-4668-BE54-9A1E7A4F7556}") = "RawSQLPrettyPrint", "RawSQLPrettyPrint\RawSQLPrettyPrint.csproj", "{C884A28A-D6D2-49A4-ABAD-7420CF55BDC1}"
EndProject
Project("{FAE04EC0-301F-11D3-BF4B-00C04F79EFBC}") = "RawSQLPrettyPrint.Tests.Unit", "RawSQLPrettyPrint.Tests.Unit\RawSQLPrettyPrint.Tests.Unit.csproj", "{512316ED-2FBC-4541-9A42-618FDD73814A}"
EndProject
Global
	GlobalSection(SolutionConfigurationPlatforms) = preSolution
		Debug|Any CPU = Debug|Any CPU
		Release|Any CPU = Release|Any CPU
	EndGlobalSection
	GlobalSection(ProjectConfigurationPlatforms) = postSolution
		{C884A28A-D6D2-49A4-ABAD-7420CF55BDC1}.Debug|Any CPU.ActiveCfg = Debug|Any CPU
		{C884A28A-D6D2-49A4-ABAD-7420CF55BDC1}.Debug|Any CPU.Build.0 = Debug|Any CPU
		{C884A28A-D6D2-49A4-ABAD-7420CF55BDC1}.Release|Any CPU.ActiveCfg = Release|Any CPU
		{C884A28A-D6D2-49A4-ABAD-7420CF55BDC1}.Release|Any CPU.Build.0 = Release|Any CPU
		{512316ED-2FBC-4541-9A42-618FDD73814A}.Debug|Any CPU.ActiveCfg = Debug|Any CPU
		{512316ED-2FBC-4541-9A42-618FDD73814A}.Debug|Any CPU.Build.0 = Debug|Any CPU
		{512316ED-2FBC-4541-9A42-618FDD73814A}.Release|Any CPU.ActiveCfg = Release|Any CPU
		{512316ED-2FBC-4541-9A42-618FDD73814A}.Release|Any CPU.Build.0 = Release|Any CPU
	EndGlobalSection
	GlobalSection(SolutionProperties) = preSolution
		HideSolutionNode = FALSE
	EndGlobalSection
	GlobalSection(ExtensibilityGlobals) = postSolution
		SolutionGuid = {29427488-C551-43E2-8165-E561596B2259}
	EndGlobalSection
EndGlobal
